
Microsoft Visual Studio Solution File, Format Version 12.00
# Visual Studio Version 17
VisualStudioVersion = 17.10.35013.160
MinimumVisualStudioVersion = 10.0.40219.1
Project("{FAE04EC0-301F-11D3-BF4B-00C04F79EFBC}") = "Crud con Seria-Deseria", "Crud con Seria-Deseria\Crud con Seria-Deseria.csproj", "{90FF6B14-D147-4CC5-90B5-D849A50A2092}"
EndProject
Global
	GlobalSection(SolutionConfigurationPlatforms) = preSolution
		Debug|Any CPU = Debug|Any CPU
		Release|Any CPU = Release|Any CPU
	EndGlobalSection
	GlobalSection(ProjectConfigurationPlatforms) = postSolution
		{90FF6B14-D147-4CC5-90B5-D849A50A2092}.Debug|Any CPU.ActiveCfg = Debug|Any CPU
		{90FF6B14-D147-4CC5-90B5-D849A50A2092}.Debug|Any CPU.Build.0 = Debug|Any CPU
		{90FF6B14-D147-4CC5-90B5-D849A50A2092}.Release|Any CPU.ActiveCfg = Release|Any CPU
		{90FF6B14-D147-4CC5-90B5-D849A50A2092}.Release|Any CPU.Build.0 = Release|Any CPU
	EndGlobalSection
	GlobalSection(SolutionProperties) = preSolution
		HideSolutionNode = FALSE
	EndGlobalSection
	GlobalSection(ExtensibilityGlobals) = postSolution
		SolutionGuid = {E078520B-3CF7-432A-A7C0-AB932398E336}
	EndGlobalSection
EndGlobal
